
Microsoft Visual Studio Solution File, Format Version 12.00
# Visual Studio Version 16
VisualStudioVersion = 16.0.28803.202
MinimumVisualStudioVersion = 10.0.40219.1
Project("{FAE04EC0-301F-11D3-BF4B-00C04F79EFBC}") = "PersonalityTest", "PersonalityTest\PersonalityTest.csproj", "{C9F5B246-2B7D-4348-9242-764E8D02E8E0}"
EndProject
Project("{FAE04EC0-301F-11D3-BF4B-00C04F79EFBC}") = "PersonalityTestSwitch", "PersonalityTestSwitch\PersonalityTestSwitch.csproj", "{7CCBDB55-4281-47AA-A775-226AF9A7952C}"
EndProject
Project("{FAE04EC0-301F-11D3-BF4B-00C04F79EFBC}") = "KasutajaHinne", "KasutajaHinne\KasutajaHinne.csproj", "{02FADDDD-5815-4F8A-BA7A-B88157BF0681}"
EndProject
Project("{FAE04EC0-301F-11D3-BF4B-00C04F79EFBC}") = "GradingIf", "GradingIf\GradingIf.csproj", "{A88E3144-C3FD-4842-BE48-471EDE00C1E8}"
EndProject
Global
	GlobalSection(SolutionConfigurationPlatforms) = preSolution
		Debug|Any CPU = Debug|Any CPU
		Release|Any CPU = Release|Any CPU
	EndGlobalSection
	GlobalSection(ProjectConfigurationPlatforms) = postSolution
		{C9F5B246-2B7D-4348-9242-764E8D02E8E0}.Debug|Any CPU.ActiveCfg = Debug|Any CPU
		{C9F5B246-2B7D-4348-9242-764E8D02E8E0}.Debug|Any CPU.Build.0 = Debug|Any CPU
		{C9F5B246-2B7D-4348-9242-764E8D02E8E0}.Release|Any CPU.ActiveCfg = Release|Any CPU
		{C9F5B246-2B7D-4348-9242-764E8D02E8E0}.Release|Any CPU.Build.0 = Release|Any CPU
		{7CCBDB55-4281-47AA-A775-226AF9A7952C}.Debug|Any CPU.ActiveCfg = Debug|Any CPU
		{7CCBDB55-4281-47AA-A775-226AF9A7952C}.Debug|Any CPU.Build.0 = Debug|Any CPU
		{7CCBDB55-4281-47AA-A775-226AF9A7952C}.Release|Any CPU.ActiveCfg = Release|Any CPU
		{7CCBDB55-4281-47AA-A775-226AF9A7952C}.Release|Any CPU.Build.0 = Release|Any CPU
		{02FADDDD-5815-4F8A-BA7A-B88157BF0681}.Debug|Any CPU.ActiveCfg = Debug|Any CPU
		{02FADDDD-5815-4F8A-BA7A-B88157BF0681}.Debug|Any CPU.Build.0 = Debug|Any CPU
		{02FADDDD-5815-4F8A-BA7A-B88157BF0681}.Release|Any CPU.ActiveCfg = Release|Any CPU
		{02FADDDD-5815-4F8A-BA7A-B88157BF0681}.Release|Any CPU.Build.0 = Release|Any CPU
		{A88E3144-C3FD-4842-BE48-471EDE00C1E8}.Debug|Any CPU.ActiveCfg = Debug|Any CPU
		{A88E3144-C3FD-4842-BE48-471EDE00C1E8}.Debug|Any CPU.Build.0 = Debug|Any CPU
		{A88E3144-C3FD-4842-BE48-471EDE00C1E8}.Release|Any CPU.ActiveCfg = Release|Any CPU
		{A88E3144-C3FD-4842-BE48-471EDE00C1E8}.Release|Any CPU.Build.0 = Release|Any CPU
	EndGlobalSection
	GlobalSection(SolutionProperties) = preSolution
		HideSolutionNode = FALSE
	EndGlobalSection
	GlobalSection(ExtensibilityGlobals) = postSolution
		SolutionGuid = {B51CC5D6-DB7C-4EF7-8AD6-854EA1EBB49F}
	EndGlobalSection
EndGlobal
